
Microsoft Visual Studio Solution File, Format Version 12.00
# Visual Studio Version 16
VisualStudioVersion = 16.0.29806.167
MinimumVisualStudioVersion = 10.0.40219.1
Project("{FAE04EC0-301F-11D3-BF4B-00C04F79EFBC}") = "MAChanger", "MAChanger\MAChanger.csproj", "{3889829A-F9DD-4D04-88DD-26C7342F8122}"
EndProject
Global
	GlobalSection(SolutionConfigurationPlatforms) = preSolution
		Debug|Any CPU = Debug|Any CPU
		Release|Any CPU = Release|Any CPU
	EndGlobalSection
	GlobalSection(ProjectConfigurationPlatforms) = postSolution
		{3889829A-F9DD-4D04-88DD-26C7342F8122}.Debug|Any CPU.ActiveCfg = Debug|Any CPU
		{3889829A-F9DD-4D04-88DD-26C7342F8122}.Debug|Any CPU.Build.0 = Debug|Any CPU
		{3889829A-F9DD-4D04-88DD-26C7342F8122}.Release|Any CPU.ActiveCfg = Release|Any CPU
		{3889829A-F9DD-4D04-88DD-26C7342F8122}.Release|Any CPU.Build.0 = Release|Any CPU
	EndGlobalSection
	GlobalSection(SolutionProperties) = preSolution
		HideSolutionNode = FALSE
	EndGlobalSection
	GlobalSection(ExtensibilityGlobals) = postSolution
		SolutionGuid = {1D80507F-8AEB-41CB-BEA2-7A743ABA9C48}
	EndGlobalSection
EndGlobal
